
Microsoft Visual Studio Solution File, Format Version 12.00
# Visual Studio Version 17
VisualStudioVersion = 17.0.31903.59
MinimumVisualStudioVersion = 10.0.40219.1
Project("{2150E333-8FDC-42A3-9474-1A3956D46DE8}") = "src", "src", "{827E0CD3-B72D-47B6-A68D-7590B98EB39B}"
EndProject
Project("{FAE04EC0-301F-11D3-BF4B-00C04F79EFBC}") = "Vocabularity.Api", "src\Vocabularity.Api\Vocabularity.Api.csproj", "{94CCD74C-90E0-4CD6-A263-4B060D680FA5}"
EndProject
Project("{FAE04EC0-301F-11D3-BF4B-00C04F79EFBC}") = "Vocabularity.Infrastructure", "src\Vocabularity.Infrastructure\Vocabularity.Infrastructure.csproj", "{4762A3B9-4CC5-4537-924B-215F0B89B02A}"
EndProject
Project("{FAE04EC0-301F-11D3-BF4B-00C04F79EFBC}") = "Vocabularity.Service", "src\Vocabularity.Service\Vocabularity.Service.csproj", "{3D9D0B57-52C0-4DED-AEC8-A47CD4493074}"
EndProject
Project("{FAE04EC0-301F-11D3-BF4B-00C04F79EFBC}") = "Vocabularity.Core", "src\Vocabularity.Core\Vocabularity.Core.csproj", "{4DE2B4D1-1FF1-4D03-9B26-9092A6520D37}"
EndProject
Project("{2150E333-8FDC-42A3-9474-1A3956D46DE8}") = "tests", "tests", "{0AB3BF05-4346-4AA6-1389-037BE0695223}"
EndProject
Project("{FAE04EC0-301F-11D3-BF4B-00C04F79EFBC}") = "Vocabularity.Tests", "tests\Vocabularity.Tests\Vocabularity.Tests.csproj", "{B7FC1BFB-1F03-424B-9B1D-0F067298E85A}"
EndProject
Global
	GlobalSection(SolutionConfigurationPlatforms) = preSolution
		Debug|Any CPU = Debug|Any CPU
		Debug|x64 = Debug|x64
		Debug|x86 = Debug|x86
		Release|Any CPU = Release|Any CPU
		Release|x64 = Release|x64
		Release|x86 = Release|x86
	EndGlobalSection
	GlobalSection(ProjectConfigurationPlatforms) = postSolution
		{94CCD74C-90E0-4CD6-A263-4B060D680FA5}.Debug|Any CPU.ActiveCfg = Debug|Any CPU
		{94CCD74C-90E0-4CD6-A263-4B060D680FA5}.Debug|Any CPU.Build.0 = Debug|Any CPU
		{94CCD74C-90E0-4CD6-A263-4B060D680FA5}.Debug|x64.ActiveCfg = Debug|Any CPU
		{94CCD74C-90E0-4CD6-A263-4B060D680FA5}.Debug|x64.Build.0 = Debug|Any CPU
		{94CCD74C-90E0-4CD6-A263-4B060D680FA5}.Debug|x86.ActiveCfg = Debug|Any CPU
		{94CCD74C-90E0-4CD6-A263-4B060D680FA5}.Debug|x86.Build.0 = Debug|Any CPU
		{94CCD74C-90E0-4CD6-A263-4B060D680FA5}.Release|Any CPU.ActiveCfg = Release|Any CPU
		{94CCD74C-90E0-4CD6-A263-4B060D680FA5}.Release|Any CPU.Build.0 = Release|Any CPU
		{94CCD74C-90E0-4CD6-A263-4B060D680FA5}.Release|x64.ActiveCfg = Release|Any CPU
		{94CCD74C-90E0-4CD6-A263-4B060D680FA5}.Release|x64.Build.0 = Release|Any CPU
		{94CCD74C-90E0-4CD6-A263-4B060D680FA5}.Release|x86.ActiveCfg = Release|Any CPU
		{94CCD74C-90E0-4CD6-A263-4B060D680FA5}.Release|x86.Build.0 = Release|Any CPU
		{4762A3B9-4CC5-4537-924B-215F0B89B02A}.Debug|Any CPU.ActiveCfg = Debug|Any CPU
		{4762A3B9-4CC5-4537-924B-215F0B89B02A}.Debug|Any CPU.Build.0 = Debug|Any CPU
		{4762A3B9-4CC5-4537-924B-215F0B89B02A}.Debug|x64.ActiveCfg = Debug|Any CPU
		{4762A3B9-4CC5-4537-924B-215F0B89B02A}.Debug|x64.Build.0 = Debug|Any CPU
		{4762A3B9-4CC5-4537-924B-215F0B89B02A}.Debug|x86.ActiveCfg = Debug|Any CPU
		{4762A3B9-4CC5-4537-924B-215F0B89B02A}.Debug|x86.Build.0 = Debug|Any CPU
		{4762A3B9-4CC5-4537-924B-215F0B89B02A}.Release|Any CPU.ActiveCfg = Release|Any CPU
		{4762A3B9-4CC5-4537-924B-215F0B89B02A}.Release|Any CPU.Build.0 = Release|Any CPU
		{4762A3B9-4CC5-4537-924B-215F0B89B02A}.Release|x64.ActiveCfg = Release|Any CPU
		{4762A3B9-4CC5-4537-924B-215F0B89B02A}.Release|x64.Build.0 = Release|Any CPU
		{4762A3B9-4CC5-4537-924B-215F0B89B02A}.Release|x86.ActiveCfg = Release|Any CPU
		{4762A3B9-4CC5-4537-924B-215F0B89B02A}.Release|x86.Build.0 = Release|Any CPU
		{3D9D0B57-52C0-4DED-AEC8-A47CD4493074}.Debug|Any CPU.ActiveCfg = Debug|Any CPU
		{3D9D0B57-52C0-4DED-AEC8-A47CD4493074}.Debug|Any CPU.Build.0 = Debug|Any CPU
		{3D9D0B57-52C0-4DED-AEC8-A47CD4493074}.Debug|x64.ActiveCfg = Debug|Any CPU
		{3D9D0B57-52C0-4DED-AEC8-A47CD4493074}.Debug|x64.Build.0 = Debug|Any CPU
		{3D9D0B57-52C0-4DED-AEC8-A47CD4493074}.Debug|x86.ActiveCfg = Debug|Any CPU
		{3D9D0B57-52C0-4DED-AEC8-A47CD4493074}.Debug|x86.Build.0 = Debug|Any CPU
		{3D9D0B57-52C0-4DED-AEC8-A47CD4493074}.Release|Any CPU.ActiveCfg = Release|Any CPU
		{3D9D0B57-52C0-4DED-AEC8-A47CD4493074}.Release|Any CPU.Build.0 = Release|Any CPU
		{3D9D0B57-52C0-4DED-AEC8-A47CD4493074}.Release|x64.ActiveCfg = Release|Any CPU
		{3D9D0B57-52C0-4DED-AEC8-A47CD4493074}.Release|x64.Build.0 = Release|Any CPU
		{3D9D0B57-52C0-4DED-AEC8-A47CD4493074}.Release|x86.ActiveCfg = Release|Any CPU
		{3D9D0B57-52C0-4DED-AEC8-A47CD4493074}.Release|x86.Build.0 = Release|Any CPU
		{4DE2B4D1-1FF1-4D03-9B26-9092A6520D37}.Debug|Any CPU.ActiveCfg = Debug|Any CPU
		{4DE2B4D1-1FF1-4D03-9B26-9092A6520D37}.Debug|Any CPU.Build.0 = Debug|Any CPU
		{4DE2B4D1-1FF1-4D03-9B26-9092A6520D37}.Debug|x64.ActiveCfg = Debug|Any CPU
		{4DE2B4D1-1FF1-4D03-9B26-9092A6520D37}.Debug|x64.Build.0 = Debug|Any CPU
		{4DE2B4D1-1FF1-4D03-9B26-9092A6520D37}.Debug|x86.ActiveCfg = Debug|Any CPU
		{4DE2B4D1-1FF1-4D03-9B26-9092A6520D37}.Debug|x86.Build.0 = Debug|Any CPU
		{4DE2B4D1-1FF1-4D03-9B26-9092A6520D37}.Release|Any CPU.ActiveCfg = Release|Any CPU
		{4DE2B4D1-1FF1-4D03-9B26-9092A6520D37}.Release|Any CPU.Build.0 = Release|Any CPU
		{4DE2B4D1-1FF1-4D03-9B26-9092A6520D37}.Release|x64.ActiveCfg = Release|Any CPU
		{4DE2B4D1-1FF1-4D03-9B26-9092A6520D37}.Release|x64.Build.0 = Release|Any CPU
		{4DE2B4D1-1FF1-4D03-9B26-9092A6520D37}.Release|x86.ActiveCfg = Release|Any CPU
		{4DE2B4D1-1FF1-4D03-9B26-9092A6520D37}.Release|x86.Build.0 = Release|Any CPU
		{B7FC1BFB-1F03-424B-9B1D-0F067298E85A}.Debug|Any CPU.ActiveCfg = Debug|Any CPU
		{B7FC1BFB-1F03-424B-9B1D-0F067298E85A}.Debug|Any CPU.Build.0 = Debug|Any CPU
		{B7FC1BFB-1F03-424B-9B1D-0F067298E85A}.Debug|x64.ActiveCfg = Debug|Any CPU
		{B7FC1BFB-1F03-424B-9B1D-0F067298E85A}.Debug|x64.Build.0 = Debug|Any CPU
		{B7FC1BFB-1F03-424B-9B1D-0F067298E85A}.Debug|x86.ActiveCfg = Debug|Any CPU
		{B7FC1BFB-1F03-424B-9B1D-0F067298E85A}.Debug|x86.Build.0 = Debug|Any CPU
		{B7FC1BFB-1F03-424B-9B1D-0F067298E85A}.Release|Any CPU.ActiveCfg = Release|Any CPU
		{B7FC1BFB-1F03-424B-9B1D-0F067298E85A}.Release|Any CPU.Build.0 = Release|Any CPU
		{B7FC1BFB-1F03-424B-9B1D-0F067298E85A}.Release|x64.ActiveCfg = Release|Any CPU
		{B7FC1BFB-1F03-424B-9B1D-0F067298E85A}.Release|x64.Build.0 = Release|Any CPU
		{B7FC1BFB-1F03-424B-9B1D-0F067298E85A}.Release|x86.ActiveCfg = Release|Any CPU
		{B7FC1BFB-1F03-424B-9B1D-0F067298E85A}.Release|x86.Build.0 = Release|Any CPU
	EndGlobalSection
	GlobalSection(SolutionProperties) = preSolution
		HideSolutionNode = FALSE
	EndGlobalSection
	GlobalSection(NestedProjects) = preSolution
		{94CCD74C-90E0-4CD6-A263-4B060D680FA5} = {827E0CD3-B72D-47B6-A68D-7590B98EB39B}
		{4762A3B9-4CC5-4537-924B-215F0B89B02A} = {827E0CD3-B72D-47B6-A68D-7590B98EB39B}
		{3D9D0B57-52C0-4DED-AEC8-A47CD4493074} = {827E0CD3-B72D-47B6-A68D-7590B98EB39B}
		{4DE2B4D1-1FF1-4D03-9B26-9092A6520D37} = {827E0CD3-B72D-47B6-A68D-7590B98EB39B}
		{B7FC1BFB-1F03-424B-9B1D-0F067298E85A} = {0AB3BF05-4346-4AA6-1389-037BE0695223}
	EndGlobalSection
EndGlobal
